
Microsoft Visual Studio Solution File, Format Version 12.00
# Visual Studio Version 16
VisualStudioVersion = 16.0.29911.84
MinimumVisualStudioVersion = 10.0.40219.1
Project("{FAE04EC0-301F-11D3-BF4B-00C04F79EFBC}") = "CRUD-Web-app", "CRUD-Web-app.csproj", "{57B9E35E-A192-491D-8B32-206C2F69CB2F}"
EndProject
Global
	GlobalSection(SolutionConfigurationPlatforms) = preSolution
		Debug|Any CPU = Debug|Any CPU
		Release|Any CPU = Release|Any CPU
	EndGlobalSection
	GlobalSection(ProjectConfigurationPlatforms) = postSolution
		{57B9E35E-A192-491D-8B32-206C2F69CB2F}.Debug|Any CPU.ActiveCfg = Debug|Any CPU
		{57B9E35E-A192-491D-8B32-206C2F69CB2F}.Debug|Any CPU.Build.0 = Debug|Any CPU
		{57B9E35E-A192-491D-8B32-206C2F69CB2F}.Release|Any CPU.ActiveCfg = Release|Any CPU
		{57B9E35E-A192-491D-8B32-206C2F69CB2F}.Release|Any CPU.Build.0 = Release|Any CPU
	EndGlobalSection
	GlobalSection(SolutionProperties) = preSolution
		HideSolutionNode = FALSE
	EndGlobalSection
	GlobalSection(ExtensibilityGlobals) = postSolution
		SolutionGuid = {56B33803-F31B-4748-AFA9-906809FFC607}
	EndGlobalSection
EndGlobal
